
Microsoft Visual Studio Solution File, Format Version 12.00
# Visual Studio Version 17
VisualStudioVersion = 17.4.33213.308
MinimumVisualStudioVersion = 10.0.40219.1
Project("{FAE04EC0-301F-11D3-BF4B-00C04F79EFBC}") = "CheckclientLib", "CheckclientLib.csproj", "{0448EA09-EB78-45FF-A36F-4D6CABE8F79A}"
EndProject
Project("{FAE04EC0-301F-11D3-BF4B-00C04F79EFBC}") = "CheckClientTest", "..\CheckClientTest\CheckClientTest.csproj", "{BE4D0D4F-323C-4BEC-B794-EA63989E1DF6}"
EndProject
Global
	GlobalSection(SolutionConfigurationPlatforms) = preSolution
		Debug|Any CPU = Debug|Any CPU
		Release|Any CPU = Release|Any CPU
	EndGlobalSection
	GlobalSection(ProjectConfigurationPlatforms) = postSolution
		{0448EA09-EB78-45FF-A36F-4D6CABE8F79A}.Debug|Any CPU.ActiveCfg = Debug|Any CPU
		{0448EA09-EB78-45FF-A36F-4D6CABE8F79A}.Debug|Any CPU.Build.0 = Debug|Any CPU
		{0448EA09-EB78-45FF-A36F-4D6CABE8F79A}.Release|Any CPU.ActiveCfg = Release|Any CPU
		{0448EA09-EB78-45FF-A36F-4D6CABE8F79A}.Release|Any CPU.Build.0 = Release|Any CPU
		{BE4D0D4F-323C-4BEC-B794-EA63989E1DF6}.Debug|Any CPU.ActiveCfg = Debug|Any CPU
		{BE4D0D4F-323C-4BEC-B794-EA63989E1DF6}.Debug|Any CPU.Build.0 = Debug|Any CPU
		{BE4D0D4F-323C-4BEC-B794-EA63989E1DF6}.Release|Any CPU.ActiveCfg = Release|Any CPU
		{BE4D0D4F-323C-4BEC-B794-EA63989E1DF6}.Release|Any CPU.Build.0 = Release|Any CPU
	EndGlobalSection
	GlobalSection(SolutionProperties) = preSolution
		HideSolutionNode = FALSE
	EndGlobalSection
	GlobalSection(ExtensibilityGlobals) = postSolution
		SolutionGuid = {26A89089-7F56-42FB-BEF5-7234E4F0D8D2}
	EndGlobalSection
EndGlobal
